[root]
name = "ocl-core"
version = "0.1.0"
dependencies = [
 "bitflags 0.5.0 (registry+https://github.com/rust-lang/crates.io-index)",
 "cl-sys 0.1.0 (git+https://github.com/cogciprocate/cl-sys)",
 "colorify 0.2.2 (registry+https://github.com/rust-lang/crates.io-index)",
 "enum_primitive 0.1.0 (registry+https://github.com/rust-lang/crates.io-index)",
 "libc 0.2.14 (registry+https://github.com/rust-lang/crates.io-index)",
 "num 0.1.34 (registry+https://github.com/rust-lang/crates.io-index)",
 "rand 0.3.14 (registry+https://github.com/rust-lang/crates.io-index)",
]

[[package]]
name = "bitflags"
version = "0.5.0"
source = "registry+https://github.com/rust-lang/crates.io-index"

[[package]]
name = "cl-sys"
version = "0.1.0"
source = "git+https://github.com/cogciprocate/cl-sys#9825af9a0a100f1100d3fdeb72de41eab1e93709"
dependencies = [
 "enum_primitive 0.1.0 (registry+https://github.com/rust-lang/crates.io-index)",
 "libc 0.2.14 (registry+https://github.com/rust-lang/crates.io-index)",
]

[[package]]
name = "colorify"
version = "0.2.2"
source = "registry+https://github.com/rust-lang/crates.io-index"

[[package]]
name = "enum_primitive"
version = "0.1.0"
source = "registry+https://github.com/rust-lang/crates.io-index"
dependencies = [
 "num 0.1.34 (registry+https://github.com/rust-lang/crates.io-index)",
]

[[package]]
name = "libc"
version = "0.2.14"
source = "registry+https://github.com/rust-lang/crates.io-index"

[[package]]
name = "num"
version = "0.1.34"
source = "registry+https://github.com/rust-lang/crates.io-index"
dependencies = [
 "num-bigint 0.1.33 (registry+https://github.com/rust-lang/crates.io-index)",
 "num-complex 0.1.33 (registry+https://github.com/rust-lang/crates.io-index)",
 "num-integer 0.1.32 (registry+https://github.com/rust-lang/crates.io-index)",
 "num-iter 0.1.32 (registry+https://github.com/rust-lang/crates.io-index)",
 "num-rational 0.1.32 (registry+https://github.com/rust-lang/crates.io-index)",
 "num-traits 0.1.34 (registry+https://github.com/rust-lang/crates.io-index)",
]

[[package]]
name = "num-bigint"
version = "0.1.33"
source = "registry+https://github.com/rust-lang/crates.io-index"
dependencies = [
 "num-integer 0.1.32 (registry+https://github.com/rust-lang/crates.io-index)",
 "num-traits 0.1.34 (registry+https://github.com/rust-lang/crates.io-index)",
 "rand 0.3.14 (registry+https://github.com/rust-lang/crates.io-index)",
 "rustc-serialize 0.3.19 (registry+https://github.com/rust-lang/crates.io-index)",
]

[[package]]
name = "num-complex"
version = "0.1.33"
source = "registry+https://github.com/rust-lang/crates.io-index"
dependencies = [
 "num-traits 0.1.34 (registry+https://github.com/rust-lang/crates.io-index)",
 "rustc-serialize 0.3.19 (registry+https://github.com/rust-lang/crates.io-index)",
]

[[package]]
name = "num-integer"
version = "0.1.32"
source = "registry+https://github.com/rust-lang/crates.io-index"
dependencies = [
 "num-traits 0.1.34 (registry+https://github.com/rust-lang/crates.io-index)",
]

[[package]]
name = "num-iter"
version = "0.1.32"
source = "registry+https://github.com/rust-lang/crates.io-index"
dependencies = [
 "num-integer 0.1.32 (registry+https://github.com/rust-lang/crates.io-index)",
 "num-traits 0.1.34 (registry+https://github.com/rust-lang/crates.io-index)",
]

[[package]]
name = "num-rational"
version = "0.1.32"
source = "registry+https://github.com/rust-lang/crates.io-index"
dependencies = [
 "num-bigint 0.1.33 (registry+https://github.com/rust-lang/crates.io-index)",
 "num-integer 0.1.32 (registry+https://github.com/rust-lang/crates.io-index)",
 "num-traits 0.1.34 (registry+https://github.com/rust-lang/crates.io-index)",
 "rustc-serialize 0.3.19 (registry+https://github.com/rust-lang/crates.io-index)",
]

[[package]]
name = "num-traits"
version = "0.1.34"
source = "registry+https://github.com/rust-lang/crates.io-index"

[[package]]
name = "rand"
version = "0.3.14"
source = "registry+https://github.com/rust-lang/crates.io-index"
dependencies = [
 "libc 0.2.14 (registry+https://github.com/rust-lang/crates.io-index)",
]

[[package]]
name = "rustc-serialize"
version = "0.3.19"
source = "registry+https://github.com/rust-lang/crates.io-index"

[metadata]
"checksum bitflags 0.5.0 (registry+https://github.com/rust-lang/crates.io-index)" = "4f67931368edf3a9a51d29886d245f1c3db2f1ef0dcc9e35ff70341b78c10d23"
"checksum cl-sys 0.1.0 (git+https://github.com/cogciprocate/cl-sys)" = "<none>"
"checksum colorify 0.2.2 (registry+https://github.com/rust-lang/crates.io-index)" = "3eb006d3382cc3ca88eecfb3e2f22a8bd5d246507a514d5916c17cd40ad01c59"
"checksum enum_primitive 0.1.0 (registry+https://github.com/rust-lang/crates.io-index)" = "f79eff5be92a4d7d5bddf7daa7d650717ea71628634efe6ca7bcda85b2183c23"
"checksum libc 0.2.14 (registry+https://github.com/rust-lang/crates.io-index)" = "39dfaaa0f4da0f1a06876c5d94329d739ad0150868069cc235f1ddf80a0480e7"
"checksum num 0.1.34 (registry+https://github.com/rust-lang/crates.io-index)" = "d2ee34a0338c16ae67afb55824aaf8852700eb0f77ccd977807ccb7606b295f6"
"checksum num-bigint 0.1.33 (registry+https://github.com/rust-lang/crates.io-index)" = "fbc450723a2fe91d332a29edd8660e099b937d29e1a3ebe914e0da3f77ac1ad3"
"checksum num-complex 0.1.33 (registry+https://github.com/rust-lang/crates.io-index)" = "8aabbc079e1855ce8415141fee0ebebf171f56505373b3a966e2716ad7c0e555"
"checksum num-integer 0.1.32 (registry+https://github.com/rust-lang/crates.io-index)" = "fb24d9bfb3f222010df27995441ded1e954f8f69cd35021f6bef02ca9552fb92"
"checksum num-iter 0.1.32 (registry+https://github.com/rust-lang/crates.io-index)" = "287a1c9969a847055e1122ec0ea7a5c5d6f72aad97934e131c83d5c08ab4e45c"
"checksum num-rational 0.1.32 (registry+https://github.com/rust-lang/crates.io-index)" = "48cdcc9ff4ae2a8296805ac15af88b3d88ce62128ded0cb74ffb63a587502a84"
"checksum num-traits 0.1.34 (registry+https://github.com/rust-lang/crates.io-index)" = "95e58eac34596aac30ab134c8a8da9aa2dc99caa4b4b4838e6fc6e298016278f"
"checksum rand 0.3.14 (registry+https://github.com/rust-lang/crates.io-index)" = "2791d88c6defac799c3f20d74f094ca33b9332612d9aef9078519c82e4fe04a5"
"checksum rustc-serialize 0.3.19 (registry+https://github.com/rust-lang/crates.io-index)" = "6159e4e6e559c81bd706afe9c8fd68f547d3e851ce12e76b1de7914bab61691b"
